
Microsoft Visual Studio Solution File, Format Version 12.00
# Visual Studio Version 17
VisualStudioVersion = 17.1.32328.378
MinimumVisualStudioVersion = 10.0.40219.1
Project("{9A19103F-16F7-4668-BE54-9A1E7A4F7556}") = "SoarexApi", "SoarexApi\SoarexApi.csproj", "{EFB9F1D7-EC12-45C9-9D00-049ED04FC841}"
EndProject
Project("{9A19103F-16F7-4668-BE54-9A1E7A4F7556}") = "Contracts", "Contracts\Contracts.csproj", "{9456E050-128C-4A4E-9A6D-1BCE723BD9FF}"
EndProject
Project("{9A19103F-16F7-4668-BE54-9A1E7A4F7556}") = "Entities", "Entities\Entities.csproj", "{367ECC14-2BFE-47C5-9FCB-A0F951283561}"
EndProject
Project("{9A19103F-16F7-4668-BE54-9A1E7A4F7556}") = "Repository", "Repositories\Repository.csproj", "{61F71C92-A2F2-46BA-B9F2-8C2A5C117743}"
EndProject
Project("{9A19103F-16F7-4668-BE54-9A1E7A4F7556}") = "Services", "LoggerServices\Services.csproj", "{279F5CDA-CAD0-4C5C-A33B-048349A0016A}"
EndProject
Global
	GlobalSection(SolutionConfigurationPlatforms) = preSolution
		Debug|Any CPU = Debug|Any CPU
		Release|Any CPU = Release|Any CPU
	EndGlobalSection
	GlobalSection(ProjectConfigurationPlatforms) = postSolution
		{EFB9F1D7-EC12-45C9-9D00-049ED04FC841}.Debug|Any CPU.ActiveCfg = Debug|Any CPU
		{EFB9F1D7-EC12-45C9-9D00-049ED04FC841}.Debug|Any CPU.Build.0 = Debug|Any CPU
		{EFB9F1D7-EC12-45C9-9D00-049ED04FC841}.Release|Any CPU.ActiveCfg = Release|Any CPU
		{EFB9F1D7-EC12-45C9-9D00-049ED04FC841}.Release|Any CPU.Build.0 = Release|Any CPU
		{9456E050-128C-4A4E-9A6D-1BCE723BD9FF}.Debug|Any CPU.ActiveCfg = Debug|Any CPU
		{9456E050-128C-4A4E-9A6D-1BCE723BD9FF}.Debug|Any CPU.Build.0 = Debug|Any CPU
		{9456E050-128C-4A4E-9A6D-1BCE723BD9FF}.Release|Any CPU.ActiveCfg = Release|Any CPU
		{9456E050-128C-4A4E-9A6D-1BCE723BD9FF}.Release|Any CPU.Build.0 = Release|Any CPU
		{367ECC14-2BFE-47C5-9FCB-A0F951283561}.Debug|Any CPU.ActiveCfg = Debug|Any CPU
		{367ECC14-2BFE-47C5-9FCB-A0F951283561}.Debug|Any CPU.Build.0 = Debug|Any CPU
		{367ECC14-2BFE-47C5-9FCB-A0F951283561}.Release|Any CPU.ActiveCfg = Release|Any CPU
		{367ECC14-2BFE-47C5-9FCB-A0F951283561}.Release|Any CPU.Build.0 = Release|Any CPU
		{61F71C92-A2F2-46BA-B9F2-8C2A5C117743}.Debug|Any CPU.ActiveCfg = Debug|Any CPU
		{61F71C92-A2F2-46BA-B9F2-8C2A5C117743}.Debug|Any CPU.Build.0 = Debug|Any CPU
		{61F71C92-A2F2-46BA-B9F2-8C2A5C117743}.Release|Any CPU.ActiveCfg = Release|Any CPU
		{61F71C92-A2F2-46BA-B9F2-8C2A5C117743}.Release|Any CPU.Build.0 = Release|Any CPU
		{279F5CDA-CAD0-4C5C-A33B-048349A0016A}.Debug|Any CPU.ActiveCfg = Debug|Any CPU
		{279F5CDA-CAD0-4C5C-A33B-048349A0016A}.Debug|Any CPU.Build.0 = Debug|Any CPU
		{279F5CDA-CAD0-4C5C-A33B-048349A0016A}.Release|Any CPU.ActiveCfg = Release|Any CPU
		{279F5CDA-CAD0-4C5C-A33B-048349A0016A}.Release|Any CPU.Build.0 = Release|Any CPU
	EndGlobalSection
	GlobalSection(SolutionProperties) = preSolution
		HideSolutionNode = FALSE
	EndGlobalSection
	GlobalSection(ExtensibilityGlobals) = postSolution
		SolutionGuid = {56B1ECA8-7FA7-4B03-8DAE-968E0166365E}
	EndGlobalSection
EndGlobal
